
Microsoft Visual Studio Solution File, Format Version 12.00
# Visual Studio Version 17
VisualStudioVersion = 17.0.31912.275
MinimumVisualStudioVersion = 10.0.40219.1
Project("{FAE04EC0-301F-11D3-BF4B-00C04F79EFBC}") = "FileUpload", "FileUpload.csproj", "{25F48B92-FFE6-4269-958A-7EC567E3BB3D}"
EndProject
Global
	GlobalSection(SolutionConfigurationPlatforms) = preSolution
		Debug|Any CPU = Debug|Any CPU
		Release|Any CPU = Release|Any CPU
	EndGlobalSection
	GlobalSection(ProjectConfigurationPlatforms) = postSolution
		{25F48B92-FFE6-4269-958A-7EC567E3BB3D}.Debug|Any CPU.ActiveCfg = Debug|Any CPU
		{25F48B92-FFE6-4269-958A-7EC567E3BB3D}.Debug|Any CPU.Build.0 = Debug|Any CPU
		{25F48B92-FFE6-4269-958A-7EC567E3BB3D}.Release|Any CPU.ActiveCfg = Release|Any CPU
		{25F48B92-FFE6-4269-958A-7EC567E3BB3D}.Release|Any CPU.Build.0 = Release|Any CPU
	EndGlobalSection
	GlobalSection(SolutionProperties) = preSolution
		HideSolutionNode = FALSE
	EndGlobalSection
	GlobalSection(ExtensibilityGlobals) = postSolution
		SolutionGuid = {D93991EE-7832-4EF8-B03F-A4723F6DABD8}
	EndGlobalSection
EndGlobal
